// !$*UTF8*$!
{
	archiveVersion = 1;
	classes = {
	};
	objectVersion = 77;
	objects = {

/* Begin PBXBuildFile section */
		2A03353E2F5845D2000217CA /* Assets.xcassets in Resources */ = {isa = PBXBuildFile; fileRef = 2A0335382F5845D2000217CA /* Assets.xcassets */; };
		2A0335402F5845D2000217CA /* LaunchScreen.storyboard in Resources */ = {isa = PBXBuildFile; fileRef = 2A03353A2F5845D2000217CA /* LaunchScreen.storyboard */; };
		2A0335412F5845D2000217CA /* AppDelegate.swift in Sources */ = {isa = PBXBuildFile; fileRef = 2A0335372F5845D2000217CA /* AppDelegate.swift */; };
		2A0335422F5845D2000217CA /* SceneDelegate.swift in Sources */ = {isa = PBXBuildFile; fileRef = 2A03353B2F5845D2000217CA /* SceneDelegate.swift */; };
		2A0335432F5845D2000217CA /* WelcomeVC.swift in Sources */ = {isa = PBXBuildFile; fileRef = 2A03353C2F5845D2000217CA /* WelcomeVC.swift */; };
		2A0335512F584AA1000217CA /* WelcomeView.swift in Sources */ = {isa = PBXBuildFile; fileRef = 2A0335502F584AA1000217CA /* WelcomeView.swift */; };
		2A0335532F584AEF000217CA /* WelcomeModel.swift in Sources */ = {isa = PBXBuildFile; fileRef = 2A0335522F584AEF000217CA /* WelcomeModel.swift */; };
		2A4381932F59947800233EF8 /* SnapKit in Frameworks */ = {isa = PBXBuildFile; productRef = 2A4381922F59947800233EF8 /* SnapKit */; };
/* End PBXBuildFile section */

/* Begin PBXFileReference section */
		2A03351A2F583963000217CA /* iCodeProTeamTwo.app */ = {isa = PBXFileReference; explicitFileType = wrapper.application; includeInIndex = 0; path = iCodeProTeamTwo.app; sourceTree = BUILT_PRODUCTS_DIR; };
		2A0335372F5845D2000217CA /* AppDelegate.swift */ = {isa = PBXFileReference; lastKnownFileType = sourcecode.swift; path = AppDelegate.swift; sourceTree = "<group>"; };
		2A0335382F5845D2000217CA /* Assets.xcassets */ = {isa = PBXFileReference; lastKnownFileType = folder.assetcatalog; path = Assets.xcassets; sourceTree = "<group>"; };
		2A0335392F5845D2000217CA /* Info.plist */ = {isa = PBXFileReference; lastKnownFileType = text.plist.xml; path = Info.plist; sourceTree = "<group>"; };
		2A03353B2F5845D2000217CA /* SceneDelegate.swift */ = {isa = PBXFileReference; lastKnownFileType = sourcecode.swift; path = SceneDelegate.swift; sourceTree = "<group>"; };
		2A03353C2F5845D2000217CA /* WelcomeVC.swift */ = {isa = PBXFileReference; lastKnownFileType = sourcecode.swift; path = WelcomeVC.swift; sourceTree = "<group>"; };
		2A03353D2F5845D2000217CA /* Base */ = {isa = PBXFileReference; lastKnownFileType = file.storyboard; name = Base; path = Base.lproj/LaunchScreen.storyboard; sourceTree = "<group>"; };
		2A0335502F584AA1000217CA /* WelcomeView.swift */ = {isa = PBXFileReference; lastKnownFileType = sourcecode.swift; path = WelcomeView.swift; sourceTree = "<group>"; };
		2A0335522F584AEF000217CA /* WelcomeModel.swift */ = {isa = PBXFileReference; lastKnownFileType = sourcecode.swift; path = WelcomeModel.swift; sourceTree = "<group>"; };
/* End PBXFileReference section */

/* Begin PBXFrameworksBuildPhase section */
		2A0335172F583963000217CA /* Frameworks */ = {
			isa = PBXFrameworksBuildPhase;
			buildActionMask = 2147483647;
			files = (
				2A4381932F59947800233EF8 /* SnapKit in Frameworks */,
			);
			runOnlyForDeploymentPostprocessing = 0;
		};
/* End PBXFrameworksBuildPhase section */

/* Begin PBXGroup section */
		2A0335112F583963000217CA = {
			isa = PBXGroup;
			children = (
				2A03354B2F58494F000217CA /* Feature  */,
				2A0335482F5848B5000217CA /* Core */,
				2A0335472F58488D000217CA /* SupprotingFiles */,
				2A0335462F58483E000217CA /* Application */,
				2A0335452F5847F9000217CA /* Resources */,
				2A03351B2F583963000217CA /* Products */,
			);
			sourceTree = "<group>";
		};
		2A03351B2F583963000217CA /* Products */ = {
			isa = PBXGroup;
			children = (
				2A03351A2F583963000217CA /* iCodeProTeamTwo.app */,
			);
			name = Products;
			sourceTree = "<group>";
		};
		2A0335452F5847F9000217CA /* Resources */ = {
			isa = PBXGroup;
			children = (
				2A0335382F5845D2000217CA /* Assets.xcassets */,
			);
			path = Resources;
			sourceTree = "<group>";
		};
		2A0335462F58483E000217CA /* Application */ = {
			isa = PBXGroup;
			children = (
				2A03353B2F5845D2000217CA /* SceneDelegate.swift */,
				2A0335372F5845D2000217CA /* AppDelegate.swift */,
				2A03353A2F5845D2000217CA /* LaunchScreen.storyboard */,
			);
			path = Application;
			sourceTree = "<group>";
		};
		2A0335472F58488D000217CA /* SupprotingFiles */ = {
			isa = PBXGroup;
			children = (
				2A0335392F5845D2000217CA /* Info.plist */,
			);
			path = SupprotingFiles;
			sourceTree = "<group>";
		};
		2A0335482F5848B5000217CA /* Core */ = {
			isa = PBXGroup;
			children = (
				2A03354A2F5848F1000217CA /* Extension */,
				2A0335492F5848CC000217CA /* UIComponents */,
			);
			path = Core;
			sourceTree = "<group>";
		};
		2A0335492F5848CC000217CA /* UIComponents */ = {
			isa = PBXGroup;
			children = (
			);
			path = UIComponents;
			sourceTree = "<group>";
		};
		2A03354A2F5848F1000217CA /* Extension */ = {
			isa = PBXGroup;
			children = (
			);
			path = Extension;
			sourceTree = "<group>";
		};
		2A03354B2F58494F000217CA /* Feature  */ = {
			isa = PBXGroup;
			children = (
				2A03354C2F584A55000217CA /* WelcomeScreen */,
			);
			path = "Feature ";
			sourceTree = "<group>";
		};
		2A03354C2F584A55000217CA /* WelcomeScreen */ = {
			isa = PBXGroup;
			children = (
				2A03354D2F584A62000217CA /* Model */,
				2A03354E2F584A68000217CA /* View */,
				2A03354F2F584A6E000217CA /* Controller */,
			);
			path = WelcomeScreen;
			sourceTree = "<group>";
		};
		2A03354D2F584A62000217CA /* Model */ = {
			isa = PBXGroup;
			children = (
				2A0335522F584AEF000217CA /* WelcomeModel.swift */,
			);
			path = Model;
			sourceTree = "<group>";
		};
		2A03354E2F584A68000217CA /* View */ = {
			isa = PBXGroup;
			children = (
				2A0335502F584AA1000217CA /* WelcomeView.swift */,
			);
			path = View;
			sourceTree = "<group>";
		};
		2A03354F2F584A6E000217CA /* Controller */ = {
			isa = PBXGroup;
			children = (
				2A03353C2F5845D2000217CA /* WelcomeVC.swift */,
			);
			path = Controller;
			sourceTree = "<group>";
		};
/* End PBXGroup section */

/* Begin PBXNativeTarget section */
		2A0335192F583963000217CA /* iCodeProTeamTwo */ = {
			isa = PBXNativeTarget;
			buildConfigurationList = 2A03352D2F583964000217CA /* Build configuration list for PBXNativeTarget "iCodeProTeamTwo" */;
			buildPhases = (
				2A0335162F583963000217CA /* Sources */,
				2A0335172F583963000217CA /* Frameworks */,
				2A0335182F583963000217CA /* Resources */,
			);
			buildRules = (
			);
			dependencies = (
			);
			name = iCodeProTeamTwo;
			packageProductDependencies = (
				2A4381922F59947800233EF8 /* SnapKit */,
			);
			productName = iCodeProTeamTwo;
			productReference = 2A03351A2F583963000217CA /* iCodeProTeamTwo.app */;
			productType = "com.apple.product-type.application";
		};
/* End PBXNativeTarget section */

/* Begin PBXProject section */
		2A0335122F583963000217CA /* Project object */ = {
			isa = PBXProject;
			attributes = {
				BuildIndependentTargetsInParallel = 1;
				LastSwiftUpdateCheck = 2620;
				LastUpgradeCheck = 2620;
				TargetAttributes = {
					2A0335192F583963000217CA = {
						CreatedOnToolsVersion = 26.2;
					};
				};
			};
			buildConfigurationList = 2A0335152F583963000217CA /* Build configuration list for PBXProject "iCodeProTeamTwo" */;
			developmentRegion = en;
			hasScannedForEncodings = 0;
			knownRegions = (
				en,
				Base,
			);
			mainGroup = 2A0335112F583963000217CA;
			minimizedProjectReferenceProxies = 1;
			packageReferences = (
				2A4381912F59947800233EF8 /* XCRemoteSwiftPackageReference "SnapKit" */,
			);
			preferredProjectObjectVersion = 77;
			productRefGroup = 2A03351B2F583963000217CA /* Products */;
			projectDirPath = "";
			projectRoot = "";
			targets = (
				2A0335192F583963000217CA /* iCodeProTeamTwo */,
			);
		};
/* End PBXProject section */

/* Begin PBXResourcesBuildPhase section */
		2A0335182F583963000217CA /* Resources */ = {
			isa = PBXResourcesBuildPhase;
			buildActionMask = 2147483647;
			files = (
				2A03353E2F5845D2000217CA /* Assets.xcassets in Resources */,
				2A0335402F5845D2000217CA /* LaunchScreen.storyboard in Resources */,
			);
			runOnlyForDeploymentPostprocessing = 0;
		};
/* End PBXResourcesBuildPhase section */

/* Begin PBXSourcesBuildPhase section */
		2A0335162F583963000217CA /* Sources */ = {
			isa = PBXSourcesBuildPhase;
			buildActionMask = 2147483647;
			files = (
				2A0335412F5845D2000217CA /* AppDelegate.swift in Sources */,
				2A0335422F5845D2000217CA /* SceneDelegate.swift in Sources */,
				2A0335432F5845D2000217CA /* WelcomeVC.swift in Sources */,
				2A0335512F584AA1000217CA /* WelcomeView.swift in Sources */,
				2A0335532F584AEF000217CA /* WelcomeModel.swift in Sources */,
			);
			runOnlyForDeploymentPostprocessing = 0;
		};
/* End PBXSourcesBuildPhase section */

/* Begin PBXVariantGroup section */
		2A03353A2F5845D2000217CA /* LaunchScreen.storyboard */ = {
			isa = PBXVariantGroup;
			children = (
				2A03353D2F5845D2000217CA /* Base */,
			);
			name = LaunchScreen.storyboard;
			sourceTree = "<group>";
		};
/* End PBXVariantGroup section */

/* Begin XCBuildConfiguration section */
		2A03352E2F583964000217CA /* Debug */ = {
			isa = XCBuildConfiguration;
			buildSettings = {
				ASSETCATALOG_COMPILER_APPICON_NAME = AppIcon;
				ASSETCATALOG_COMPILER_GLOBAL_ACCENT_COLOR_NAME = AccentColor;
				CODE_SIGN_STYLE = Automatic;
				CURRENT_PROJECT_VERSION = 1;
				GENERATE_INFOPLIST_FILE = YES;
				INFOPLIST_FILE = "$(SRCROOT)/SupprotingFiles/Info.plist";
				INFOPLIST_KEY_UIApplicationSupportsIndirectInputEvents = YES;
				INFOPLIST_KEY_UILaunchStoryboardName = LaunchScreen;
				INFOPLIST_KEY_UISupportedInterfaceOrientations_iPad = "UIInterfaceOrientationPortrait UIInterfaceOrientationPortraitUpsideDown UIInterfaceOrientationLandscapeLeft UIInterfaceOrientationLandscapeRight";
				INFOPLIST_KEY_UISupportedInterfaceOrientations_iPhone = "UIInterfaceOrientationPortrait UIInterfaceOrientationLandscapeLeft UIInterfaceOrientationLandscapeRight";
				IPHONEOS_DEPLOYMENT_TARGET = 26.0;
				LD_RUNPATH_SEARCH_PATHS = (
					"$(inherited)",
					"@executable_path/Frameworks",
				);
				MARKETING_VERSION = 1.0;
				PRODUCT_BUNDLE_IDENTIFIER = iCodePro.iCodeProTeamTwo;
				PRODUCT_NAME = "$(TARGET_NAME)";
				STRING_CATALOG_GENERATE_SYMBOLS = YES;
				SWIFT_APPROACHABLE_CONCURRENCY = YES;
				SWIFT_DEFAULT_ACTOR_ISOLATION = MainActor;
				SWIFT_EMIT_LOC_STRINGS = YES;
				SWIFT_UPCOMING_FEATURE_MEMBER_IMPORT_VISIBILITY = YES;
				SWIFT_VERSION = 5.0;
				TARGETED_DEVICE_FAMILY = "1,2";
			};
			name = Debug;
		};
		2A03352F2F583964000217CA /* Release */ = {
			isa = XCBuildConfiguration;
			buildSettings = {
				ASSETCATALOG_COMPILER_APPICON_NAME = AppIcon;
				ASSETCATALOG_COMPILER_GLOBAL_ACCENT_COLOR_NAME = AccentColor;
				CODE_SIGN_STYLE = Automatic;
				CURRENT_PROJECT_VERSION = 1;
				GENERATE_INFOPLIST_FILE = YES;
				INFOPLIST_FILE = "$(SRCROOT)/SupprotingFiles/Info.plist";
				INFOPLIST_KEY_UIApplicationSupportsIndirectInputEvents = YES;
				INFOPLIST_KEY_UILaunchStoryboardName = LaunchScreen;
				INFOPLIST_KEY_UISupportedInterfaceOrientations_iPad = "UIInterfaceOrientationPortrait UIInterfaceOrientationPortraitUpsideDown UIInterfaceOrientationLandscapeLeft UIInterfaceOrientationLandscapeRight";
				INFOPLIST_KEY_UISupportedInterfaceOrientations_iPhone = "UIInterfaceOrientationPortrait UIInterfaceOrientationLandscapeLeft UIInterfaceOrientationLandscapeRight";
				IPHONEOS_DEPLOYMENT_TARGET = 26.0;
				LD_RUNPATH_SEARCH_PATHS = (
					"$(inherited)",
					"@executable_path/Frameworks",
				);
				MARKETING_VERSION = 1.0;
				PRODUCT_BUNDLE_IDENTIFIER = iCodePro.iCodeProTeamTwo;
				PRODUCT_NAME = "$(TARGET_NAME)";
				STRING_CATALOG_GENERATE_SYMBOLS = YES;
				SWIFT_APPROACHABLE_CONCURRENCY = YES;
				SWIFT_DEFAULT_ACTOR_ISOLATION = MainActor;
				SWIFT_EMIT_LOC_STRINGS = YES;
				SWIFT_UPCOMING_FEATURE_MEMBER_IMPORT_VISIBILITY = YES;
				SWIFT_VERSION = 5.0;
				TARGETED_DEVICE_FAMILY = "1,2";
			};
			name = Release;
		};
		2A0335302F583964000217CA /* Debug */ = {
			isa = XCBuildConfiguration;
			buildSettings = {
				ALWAYS_SEARCH_USER_PATHS = NO;
				ASSETCATALOG_COMPILER_GENERATE_SWIFT_ASSET_SYMBOL_EXTENSIONS = YES;
				CLANG_ANALYZER_NONNULL = YES;
				CLANG_ANALYZER_NUMBER_OBJECT_CONVERSION = YES_AGGRESSIVE;
				CLANG_CXX_LANGUAGE_STANDARD = "gnu++20";
				CLANG_ENABLE_MODULES = YES;
				CLANG_ENABLE_OBJC_ARC = YES;
				CLANG_ENABLE_OBJC_WEAK = YES;
				CLANG_WARN_BLOCK_CAPTURE_AUTORELEASING = YES;
				CLANG_WARN_BOOL_CONVERSION = YES;
				CLANG_WARN_COMMA = YES;
				CLANG_WARN_CONSTANT_CONVERSION = YES;
				CLANG_WARN_DEPRECATED_OBJC_IMPLEMENTATIONS = YES;
				CLANG_WARN_DIRECT_OBJC_ISA_USAGE = YES_ERROR;
				CLANG_WARN_DOCUMENTATION_COMMENTS = YES;
				CLANG_WARN_EMPTY_BODY = YES;
				CLANG_WARN_ENUM_CONVERSION = YES;
				CLANG_WARN_INFINITE_RECURSION = YES;
				CLANG_WARN_INT_CONVERSION = YES;
				CLANG_WARN_NON_LITERAL_NULL_CONVERSION = YES;
				CLANG_WARN_OBJC_IMPLICIT_RETAIN_SELF = YES;
				CLANG_WARN_OBJC_LITERAL_CONVERSION = YES;
				CLANG_WARN_OBJC_ROOT_CLASS = YES_ERROR;
				CLANG_WARN_QUOTED_INCLUDE_IN_FRAMEWORK_HEADER = YES;
				CLANG_WARN_RANGE_LOOP_ANALYSIS = YES;
				CLANG_WARN_STRICT_PROTOTYPES = YES;
				CLANG_WARN_SUSPICIOUS_MOVE = YES;
				CLANG_WARN_UNGUARDED_AVAILABILITY = YES_AGGRESSIVE;
				CLANG_WARN_UNREACHABLE_CODE = YES;
				CLANG_WARN__DUPLICATE_METHOD_MATCH = YES;
				COPY_PHASE_STRIP = NO;
				DEBUG_INFORMATION_FORMAT = dwarf;
				ENABLE_STRICT_OBJC_MSGSEND = YES;
				ENABLE_TESTABILITY = YES;
				ENABLE_USER_SCRIPT_SANDBOXING = YES;
				GCC_C_LANGUAGE_STANDARD = gnu17;
				GCC_DYNAMIC_NO_PIC = NO;
				GCC_NO_COMMON_BLOCKS = YES;
				GCC_OPTIMIZATION_LEVEL = 0;
				GCC_PREPROCESSOR_DEFINITIONS = (
					"DEBUG=1",
					"$(inherited)",
				);
				GCC_WARN_64_TO_32_BIT_CONVERSION = YES;
				GCC_WARN_ABOUT_RETURN_TYPE = YES_ERROR;
				GCC_WARN_UNDECLARED_SELECTOR = YES;
				GCC_WARN_UNINITIALIZED_AUTOS = YES_AGGRESSIVE;
				GCC_WARN_UNUSED_FUNCTION = YES;
				GCC_WARN_UNUSED_VARIABLE = YES;
				IPHONEOS_DEPLOYMENT_TARGET = 26.2;
				LOCALIZATION_PREFERS_STRING_CATALOGS = YES;
				MTL_ENABLE_DEBUG_INFO = INCLUDE_SOURCE;
				MTL_FAST_MATH = YES;
				ONLY_ACTIVE_ARCH = YES;
				SDKROOT = iphoneos;
				SWIFT_ACTIVE_COMPILATION_CONDITIONS = "DEBUG $(inherited)";
				SWIFT_OPTIMIZATION_LEVEL = "-Onone";
			};
			name = Debug;
		};
		2A0335312F583964000217CA /* Release */ = {
			isa = XCBuildConfiguration;
			buildSettings = {
				ALWAYS_SEARCH_USER_PATHS = NO;
				ASSETCATALOG_COMPILER_GENERATE_SWIFT_ASSET_SYMBOL_EXTENSIONS = YES;
				CLANG_ANALYZER_NONNULL = YES;
				CLANG_ANALYZER_NUMBER_OBJECT_CONVERSION = YES_AGGRESSIVE;
				CLANG_CXX_LANGUAGE_STANDARD = "gnu++20";
				CLANG_ENABLE_MODULES = YES;
				CLANG_ENABLE_OBJC_ARC = YES;
				CLANG_ENABLE_OBJC_WEAK = YES;
				CLANG_WARN_BLOCK_CAPTURE_AUTORELEASING = YES;
				CLANG_WARN_BOOL_CONVERSION = YES;
				CLANG_WARN_COMMA = YES;
				CLANG_WARN_CONSTANT_CONVERSION = YES;
				CLANG_WARN_DEPRECATED_OBJC_IMPLEMENTATIONS = YES;
				CLANG_WARN_DIRECT_OBJC_ISA_USAGE = YES_ERROR;
				CLANG_WARN_DOCUMENTATION_COMMENTS = YES;
				CLANG_WARN_EMPTY_BODY = YES;
				CLANG_WARN_ENUM_CONVERSION = YES;
				CLANG_WARN_INFINITE_RECURSION = YES;
				CLANG_WARN_INT_CONVERSION = YES;
				CLANG_WARN_NON_LITERAL_NULL_CONVERSION = YES;
				CLANG_WARN_OBJC_IMPLICIT_RETAIN_SELF = YES;
				CLANG_WARN_OBJC_LITERAL_CONVERSION = YES;
				CLANG_WARN_OBJC_ROOT_CLASS = YES_ERROR;
				CLANG_WARN_QUOTED_INCLUDE_IN_FRAMEWORK_HEADER = YES;
				CLANG_WARN_RANGE_LOOP_ANALYSIS = YES;
				CLANG_WARN_STRICT_PROTOTYPES = YES;
				CLANG_WARN_SUSPICIOUS_MOVE = YES;
				CLANG_WARN_UNGUARDED_AVAILABILITY = YES_AGGRESSIVE;
				CLANG_WARN_UNREACHABLE_CODE = YES;
				CLANG_WARN__DUPLICATE_METHOD_MATCH = YES;
				COPY_PHASE_STRIP = NO;
				DEBUG_INFORMATION_FORMAT = "dwarf-with-dsym";
				ENABLE_NS_ASSERTIONS = NO;
				ENABLE_STRICT_OBJC_MSGSEND = YES;
				ENABLE_USER_SCRIPT_SANDBOXING = YES;
				GCC_C_LANGUAGE_STANDARD = gnu17;
				GCC_NO_COMMON_BLOCKS = YES;
				GCC_WARN_64_TO_32_BIT_CONVERSION = YES;
				GCC_WARN_ABOUT_RETURN_TYPE = YES_ERROR;
				GCC_WARN_UNDECLARED_SELECTOR = YES;
				GCC_WARN_UNINITIALIZED_AUTOS = YES_AGGRESSIVE;
				GCC_WARN_UNUSED_FUNCTION = YES;
				GCC_WARN_UNUSED_VARIABLE = YES;
				IPHONEOS_DEPLOYMENT_TARGET = 26.2;
				LOCALIZATION_PREFERS_STRING_CATALOGS = YES;
				MTL_ENABLE_DEBUG_INFO = NO;
				MTL_FAST_MATH = YES;
				SDKROOT = iphoneos;
				SWIFT_COMPILATION_MODE = wholemodule;
				VALIDATE_PRODUCT = YES;
			};
			name = Release;
		};
/* End XCBuildConfiguration section */

/* Begin XCConfigurationList section */
		2A0335152F583963000217CA /* Build configuration list for PBXProject "iCodeProTeamTwo" */ = {
			isa = XCConfigurationList;
			buildConfigurations = (
				2A0335302F583964000217CA /* Debug */,
				2A0335312F583964000217CA /* Release */,
			);
			defaultConfigurationIsVisible = 0;
			defaultConfigurationName = Release;
		};
		2A03352D2F583964000217CA /* Build configuration list for PBXNativeTarget "iCodeProTeamTwo" */ = {
			isa = XCConfigurationList;
			buildConfigurations = (
				2A03352E2F583964000217CA /* Debug */,
				2A03352F2F583964000217CA /* Release */,
			);
			defaultConfigurationIsVisible = 0;
			defaultConfigurationName = Release;
		};
/* End XCConfigurationList section */

/* Begin XCRemoteSwiftPackageReference section */
		2A4381912F59947800233EF8 /* XCRemoteSwiftPackageReference "SnapKit" */ = {
			isa = XCRemoteSwiftPackageReference;
			repositoryURL = "https://github.com/SnapKit/SnapKit.git";
			requirement = {
				kind = upToNextMajorVersion;
				minimumVersion = 5.7.1;
			};
		};
/* End XCRemoteSwiftPackageReference section */

/* Begin XCSwiftPackageProductDependency section */
		2A4381922F59947800233EF8 /* SnapKit */ = {
			isa = XCSwiftPackageProductDependency;
			package = 2A4381912F59947800233EF8 /* XCRemoteSwiftPackageReference "SnapKit" */;
			productName = SnapKit;
		};
/* End XCSwiftPackageProductDependency section */
	};
	rootObject = 2A0335122F583963000217CA /* Project object */;
}
